
Microsoft Visual Studio Solution File, Format Version 12.00
# Visual Studio 15
Project("{FAE04EC0-301F-11D3-BF4B-00C04F79EFBC}") = "UniTask", "UniTask.csproj", "{A37DB832-EC86-6B03-C6AB-119B5B2EA350}"
EndProject
Project("{FAE04EC0-301F-11D3-BF4B-00C04F79EFBC}") = "UniTask.Linq", "UniTask.Linq.csproj", "{E8D82809-6568-7A0D-0A3B-5B6AEB73361A}"
EndProject
Project("{FAE04EC0-301F-11D3-BF4B-00C04F79EFBC}") = "Assembly-CSharp", "Assembly-CSharp.csproj", "{4198C096-098D-1BDE-3616-DCB71455E0C2}"
EndProject
Project("{FAE04EC0-301F-11D3-BF4B-00C04F79EFBC}") = "UniTask.DOTween", "UniTask.DOTween.csproj", "{0A2CB81B-8893-A775-254B-C2A1157D5153}"
EndProject
Project("{FAE04EC0-301F-11D3-BF4B-00C04F79EFBC}") = "UniTask.TextMeshPro", "UniTask.TextMeshPro.csproj", "{66EEE12A-574B-EAF7-7F91-7CE4AA1CF751}"
EndProject
Project("{FAE04EC0-301F-11D3-BF4B-00C04F79EFBC}") = "UniTask.Addressables", "UniTask.Addressables.csproj", "{0DA99648-D4BA-5A19-8DF9-B5E1AD7E0914}"
EndProject
Project("{FAE04EC0-301F-11D3-BF4B-00C04F79EFBC}") = "UniTask.Editor", "UniTask.Editor.csproj", "{1302675E-3700-9DB6-99E3-4DE91AD55F2E}"
EndProject
Global
	GlobalSection(SolutionConfigurationPlatforms) = preSolution
		Debug|Any CPU = Debug|Any CPU
		Release|Any CPU = Release|Any CPU
	EndGlobalSection
	GlobalSection(ProjectConfigurationPlatforms) = postSolution
		{A37DB832-EC86-6B03-C6AB-119B5B2EA350}.Debug|Any CPU.ActiveCfg = Debug|Any CPU
		{A37DB832-EC86-6B03-C6AB-119B5B2EA350}.Debug|Any CPU.Build.0 = Debug|Any CPU
		{A37DB832-EC86-6B03-C6AB-119B5B2EA350}.Release|Any CPU.ActiveCfg = Release|Any CPU
		{A37DB832-EC86-6B03-C6AB-119B5B2EA350}.Release|Any CPU.Build.0 = Release|Any CPU
		{E8D82809-6568-7A0D-0A3B-5B6AEB73361A}.Debug|Any CPU.ActiveCfg = Debug|Any CPU
		{E8D82809-6568-7A0D-0A3B-5B6AEB73361A}.Debug|Any CPU.Build.0 = Debug|Any CPU
		{E8D82809-6568-7A0D-0A3B-5B6AEB73361A}.Release|Any CPU.ActiveCfg = Release|Any CPU
		{E8D82809-6568-7A0D-0A3B-5B6AEB73361A}.Release|Any CPU.Build.0 = Release|Any CPU
		{4198C096-098D-1BDE-3616-DCB71455E0C2}.Debug|Any CPU.ActiveCfg = Debug|Any CPU
		{4198C096-098D-1BDE-3616-DCB71455E0C2}.Debug|Any CPU.Build.0 = Debug|Any CPU
		{4198C096-098D-1BDE-3616-DCB71455E0C2}.Release|Any CPU.ActiveCfg = Release|Any CPU
		{4198C096-098D-1BDE-3616-DCB71455E0C2}.Release|Any CPU.Build.0 = Release|Any CPU
		{0A2CB81B-8893-A775-254B-C2A1157D5153}.Debug|Any CPU.ActiveCfg = Debug|Any CPU
		{0A2CB81B-8893-A775-254B-C2A1157D5153}.Debug|Any CPU.Build.0 = Debug|Any CPU
		{0A2CB81B-8893-A775-254B-C2A1157D5153}.Release|Any CPU.ActiveCfg = Release|Any CPU
		{0A2CB81B-8893-A775-254B-C2A1157D5153}.Release|Any CPU.Build.0 = Release|Any CPU
		{66EEE12A-574B-EAF7-7F91-7CE4AA1CF751}.Debug|Any CPU.ActiveCfg = Debug|Any CPU
		{66EEE12A-574B-EAF7-7F91-7CE4AA1CF751}.Debug|Any CPU.Build.0 = Debug|Any CPU
		{66EEE12A-574B-EAF7-7F91-7CE4AA1CF751}.Release|Any CPU.ActiveCfg = Release|Any CPU
		{66EEE12A-574B-EAF7-7F91-7CE4AA1CF751}.Release|Any CPU.Build.0 = Release|Any CPU
		{0DA99648-D4BA-5A19-8DF9-B5E1AD7E0914}.Debug|Any CPU.ActiveCfg = Debug|Any CPU
		{0DA99648-D4BA-5A19-8DF9-B5E1AD7E0914}.Debug|Any CPU.Build.0 = Debug|Any CPU
		{0DA99648-D4BA-5A19-8DF9-B5E1AD7E0914}.Release|Any CPU.ActiveCfg = Release|Any CPU
		{0DA99648-D4BA-5A19-8DF9-B5E1AD7E0914}.Release|Any CPU.Build.0 = Release|Any CPU
		{1302675E-3700-9DB6-99E3-4DE91AD55F2E}.Debug|Any CPU.ActiveCfg = Debug|Any CPU
		{1302675E-3700-9DB6-99E3-4DE91AD55F2E}.Debug|Any CPU.Build.0 = Debug|Any CPU
		{1302675E-3700-9DB6-99E3-4DE91AD55F2E}.Release|Any CPU.ActiveCfg = Release|Any CPU
		{1302675E-3700-9DB6-99E3-4DE91AD55F2E}.Release|Any CPU.Build.0 = Release|Any CPU
	EndGlobalSection
	GlobalSection(SolutionProperties) = preSolution
		HideSolutionNode = FALSE
	EndGlobalSection
EndGlobal
